
Microsoft Visual Studio Solution File, Format Version 12.00
# Visual Studio Version 17
VisualStudioVersion = 17.5.33424.131
MinimumVisualStudioVersion = 10.0.40219.1
Project("{FAE04EC0-301F-11D3-BF4B-00C04F79EFBC}") = "EmployeePayslip", "EmployeePayslip\EmployeePayslip.csproj", "{B4D77453-301B-4719-8156-FD21A2AC5CDD}"
EndProject
Project("{FAE04EC0-301F-11D3-BF4B-00C04F79EFBC}") = "EmployeePayslip.Tests", "EmployeePayslip.Tests\EmployeePayslip.Tests.csproj", "{6E2056BD-1662-4929-AEF4-6AFE64B54960}"
EndProject
Global
	GlobalSection(SolutionConfigurationPlatforms) = preSolution
		Debug|Any CPU = Debug|Any CPU
		Release|Any CPU = Release|Any CPU
	EndGlobalSection
	GlobalSection(ProjectConfigurationPlatforms) = postSolution
		{B4D77453-301B-4719-8156-FD21A2AC5CDD}.Debug|Any CPU.ActiveCfg = Debug|Any CPU
		{B4D77453-301B-4719-8156-FD21A2AC5CDD}.Debug|Any CPU.Build.0 = Debug|Any CPU
		{B4D77453-301B-4719-8156-FD21A2AC5CDD}.Release|Any CPU.ActiveCfg = Release|Any CPU
		{B4D77453-301B-4719-8156-FD21A2AC5CDD}.Release|Any CPU.Build.0 = Release|Any CPU
		{6E2056BD-1662-4929-AEF4-6AFE64B54960}.Debug|Any CPU.ActiveCfg = Debug|Any CPU
		{6E2056BD-1662-4929-AEF4-6AFE64B54960}.Debug|Any CPU.Build.0 = Debug|Any CPU
		{6E2056BD-1662-4929-AEF4-6AFE64B54960}.Release|Any CPU.ActiveCfg = Release|Any CPU
		{6E2056BD-1662-4929-AEF4-6AFE64B54960}.Release|Any CPU.Build.0 = Release|Any CPU
	EndGlobalSection
	GlobalSection(SolutionProperties) = preSolution
		HideSolutionNode = FALSE
	EndGlobalSection
	GlobalSection(ExtensibilityGlobals) = postSolution
		SolutionGuid = {95D3674F-78C7-43FF-ABA5-672419EE1362}
	EndGlobalSection
EndGlobal
